// !$*UTF8*$!
{
	archiveVersion = 1;
	classes = {
	};
	objectVersion = 55;
	objects = {

/* Begin PBXBuildFile section */
		F90A94C72973343500B9D9D5 /* Pods_industrialchronometer.framework in Frameworks */ = {isa = PBXBuildFile; fileRef = A47F2096EAC1E90DA8B4B98A /* Pods_industrialchronometer.framework */; };
		F91F1EDC2975F3F1006D56CA /* ModifyShareActivity.swift in Sources */ = {isa = PBXBuildFile; fileRef = F91F1EDB2975F3F1006D56CA /* ModifyShareActivity.swift */; };
		F924076729857513008A907B /* DS-DIGI.TTF in Resources */ = {isa = PBXBuildFile; fileRef = F9FA1CD52977E03700778299 /* DS-DIGI.TTF */; };
		F926833427C0ED0500EC8DF8 /* WebViewController.swift in Sources */ = {isa = PBXBuildFile; fileRef = F926833327C0ED0500EC8DF8 /* WebViewController.swift */; };
		F92DFA2127A87C5B0094E17D /* AppDelegate.swift in Sources */ = {isa = PBXBuildFile; fileRef = F92DFA2027A87C5B0094E17D /* AppDelegate.swift */; };
		F92DFA2327A87C5B0094E17D /* SceneDelegate.swift in Sources */ = {isa = PBXBuildFile; fileRef = F92DFA2227A87C5B0094E17D /* SceneDelegate.swift */; };
		F92DFA2527A87C5B0094E17D /* ViewController.swift in Sources */ = {isa = PBXBuildFile; fileRef = F92DFA2427A87C5B0094E17D /* ViewController.swift */; };
		F92DFA2827A87C5B0094E17D /* Main.storyboard in Resources */ = {isa = PBXBuildFile; fileRef = F92DFA2627A87C5B0094E17D /* Main.storyboard */; };
		F92DFA2D27A87C5C0094E17D /* LaunchScreen.storyboard in Resources */ = {isa = PBXBuildFile; fileRef = F92DFA2B27A87C5C0094E17D /* LaunchScreen.storyboard */; };
		F92DFA3827A87C5C0094E17D /* industrialchronometerTests.swift in Sources */ = {isa = PBXBuildFile; fileRef = F92DFA3727A87C5C0094E17D /* industrialchronometerTests.swift */; };
		F92DFA4227A87C5C0094E17D /* industrialchronometerUITests.swift in Sources */ = {isa = PBXBuildFile; fileRef = F92DFA4127A87C5C0094E17D /* industrialchronometerUITests.swift */; };
		F92DFA4427A87C5C0094E17D /* industrialchronometerUITestsLaunchTests.swift in Sources */ = {isa = PBXBuildFile; fileRef = F92DFA4327A87C5C0094E17D /* industrialchronometerUITestsLaunchTests.swift */; };
		F92DFA5127A885480094E17D /* RadioButtonController.swift in Sources */ = {isa = PBXBuildFile; fileRef = F92DFA5027A885480094E17D /* RadioButtonController.swift */; };
		F93FBAD327B1887100622C54 /* TransferService.swift in Sources */ = {isa = PBXBuildFile; fileRef = F93FBAD227B1887100622C54 /* TransferService.swift */; };
		F950FE2527ABFC0D00700533 /* PageViewController.swift in Sources */ = {isa = PBXBuildFile; fileRef = F950FE2427ABFC0D00700533 /* PageViewController.swift */; };
		F950FE2727ABFD1D00700533 /* ChartViewController.swift in Sources */ = {isa = PBXBuildFile; fileRef = F950FE2627ABFD1D00700533 /* ChartViewController.swift */; };
		F950FE2927ABFD2800700533 /* AboutViewController.swift in Sources */ = {isa = PBXBuildFile; fileRef = F950FE2827ABFD2800700533 /* AboutViewController.swift */; };
		F9528CD127BA6227007D8C64 /* LapListCellTableViewCell.swift in Sources */ = {isa = PBXBuildFile; fileRef = F9528CD027BA6227007D8C64 /* LapListCellTableViewCell.swift */; };
		F960B97A2973F30700C37FAE /* ChartUIViewController.swift in Sources */ = {isa = PBXBuildFile; fileRef = F960B9792973F30700C37FAE /* ChartUIViewController.swift */; };
		F9847B9F27C7DD8F00D56BE6 /* todolist in Resources */ = {isa = PBXBuildFile; fileRef = F9847B9E27C7DD8F00D56BE6 /* todolist */; };
		F99595E827CA43CC00D95A72 /* UserDefaultExtension.swift in Sources */ = {isa = PBXBuildFile; fileRef = F99595E727CA43CC00D95A72 /* UserDefaultExtension.swift */; };
		F99595EA27CA48F100D95A72 /* MPVolumExtension.swift in Sources */ = {isa = PBXBuildFile; fileRef = F99595E927CA48F100D95A72 /* MPVolumExtension.swift */; };
		F9B1BD5227A9118D0062B161 /* LapsVal.swift in Sources */ = {isa = PBXBuildFile; fileRef = F9B1BD5127A9118D0062B161 /* LapsVal.swift */; };
		F9D9AE1B27B528850063CAB9 /* FileListViewController.swift in Sources */ = {isa = PBXBuildFile; fileRef = F9D9AE1A27B528850063CAB9 /* FileListViewController.swift */; };
		F9F9055E27CEB0C500179DCB /* NotificationExtensions.swift in Sources */ = {isa = PBXBuildFile; fileRef = F9F9055D27CEB0C500179DCB /* NotificationExtensions.swift */; };
		F9FA1CD82977E03800778299 /* DS-DIGIB.TTF in Resources */ = {isa = PBXBuildFile; fileRef = F9FA1CD62977E03800778299 /* DS-DIGIB.TTF */; };
		F9FA1CDA2977E44500778299 /* Laps.swift in Sources */ = {isa = PBXBuildFile; fileRef = F9FA1CD92977E44500778299 /* Laps.swift */; };
		F9FA1CDB2977ED4900778299 /* Asset.xcassets in Resources */ = {isa = PBXBuildFile; fileRef = F9FA1CD42977DFBA00778299 /* Asset.xcassets */; };
		F9FAC28127CA0E0B000CE941 /* SettingIcon.swift in Sources */ = {isa = PBXBuildFile; fileRef = F9FAC28027CA0E0B000CE941 /* SettingIcon.swift */; };
/* End PBXBuildFile section */

/* Begin PBXContainerItemProxy section */
		F92DFA3427A87C5C0094E17D /* PBXContainerItemProxy */ = {
			isa = PBXContainerItemProxy;
			containerPortal = F92DFA1527A87C5B0094E17D /* Project object */;
			proxyType = 1;
			remoteGlobalIDString = F92DFA1C27A87C5B0094E17D;
			remoteInfo = industrialchronometer;
		};
		F92DFA3E27A87C5C0094E17D /* PBXContainerItemProxy */ = {
			isa = PBXContainerItemProxy;
			containerPortal = F92DFA1527A87C5B0094E17D /* Project object */;
			proxyType = 1;
			remoteGlobalIDString = F92DFA1C27A87C5B0094E17D;
			remoteInfo = industrialchronometer;
		};
/* End PBXContainerItemProxy section */

/* Begin PBXFileReference section */
		A47F2096EAC1E90DA8B4B98A /* Pods_industrialchronometer.framework */ = {isa = PBXFileReference; explicitFileType = wrapper.framework; includeInIndex = 0; path = Pods_industrialchronometer.framework; sourceTree = BUILT_PRODUCTS_DIR; };
		DBCCC1FF6DA18EEA2AA81590 /* Pods-industrialchronometer.release.xcconfig */ = {isa = PBXFileReference; includeInIndex = 1; lastKnownFileType = text.xcconfig; name = "Pods-industrialchronometer.release.xcconfig"; path = "Target Support Files/Pods-industrialchronometer/Pods-industrialchronometer.release.xcconfig"; sourceTree = "<group>"; };
		EC2A842BB406D1E569F37C3A /* Pods-industrialchronometer.debug.xcconfig */ = {isa = PBXFileReference; includeInIndex = 1; lastKnownFileType = text.xcconfig; name = "Pods-industrialchronometer.debug.xcconfig"; path = "Target Support Files/Pods-industrialchronometer/Pods-industrialchronometer.debug.xcconfig"; sourceTree = "<group>"; };
		F91F1EDB2975F3F1006D56CA /* ModifyShareActivity.swift */ = {isa = PBXFileReference; lastKnownFileType = sourcecode.swift; path = ModifyShareActivity.swift; sourceTree = "<group>"; };
		F926833327C0ED0500EC8DF8 /* WebViewController.swift */ = {isa = PBXFileReference; lastKnownFileType = sourcecode.swift; path = WebViewController.swift; sourceTree = "<group>"; };
		F92DFA1D27A87C5B0094E17D /* industrialchronometer.app */ = {isa = PBXFileReference; explicitFileType = wrapper.application; includeInIndex = 0; path = industrialchronometer.app; sourceTree = BUILT_PRODUCTS_DIR; };
		F92DFA2027A87C5B0094E17D /* AppDelegate.swift */ = {isa = PBXFileReference; lastKnownFileType = sourcecode.swift; path = AppDelegate.swift; sourceTree = "<group>"; };
		F92DFA2227A87C5B0094E17D /* SceneDelegate.swift */ = {isa = PBXFileReference; lastKnownFileType = sourcecode.swift; path = SceneDelegate.swift; sourceTree = "<group>"; };
		F92DFA2427A87C5B0094E17D /* ViewController.swift */ = {isa = PBXFileReference; lastKnownFileType = sourcecode.swift; path = ViewController.swift; sourceTree = "<group>"; };
		F92DFA2727A87C5B0094E17D /* Base */ = {isa = PBXFileReference; lastKnownFileType = file.storyboard; name = Base; path = Base.lproj/Main.storyboard; sourceTree = "<group>"; };
		F92DFA2C27A87C5C0094E17D /* Base */ = {isa = PBXFileReference; lastKnownFileType = file.storyboard; name = Base; path = Base.lproj/LaunchScreen.storyboard; sourceTree = "<group>"; };
		F92DFA2E27A87C5C0094E17D /* Info.plist */ = {isa = PBXFileReference; lastKnownFileType = text.plist.xml; path = Info.plist; sourceTree = "<group>"; };
		F92DFA3327A87C5C0094E17D /* industrialchronometerTests.xctest */ = {isa = PBXFileReference; explicitFileType = wrapper.cfbundle; includeInIndex = 0; path = industrialchronometerTests.xctest; sourceTree = BUILT_PRODUCTS_DIR; };
		F92DFA3727A87C5C0094E17D /* industrialchronometerTests.swift */ = {isa = PBXFileReference; lastKnownFileType = sourcecode.swift; path = industrialchronometerTests.swift; sourceTree = "<group>"; };
		F92DFA3D27A87C5C0094E17D /* industrialchronometerUITests.xctest */ = {isa = PBXFileReference; explicitFileType = wrapper.cfbundle; includeInIndex = 0; path = industrialchronometerUITests.xctest; sourceTree = BUILT_PRODUCTS_DIR; };
		F92DFA4127A87C5C0094E17D /* industrialchronometerUITests.swift */ = {isa = PBXFileReference; lastKnownFileType = sourcecode.swift; path = industrialchronometerUITests.swift; sourceTree = "<group>"; };
		F92DFA4327A87C5C0094E17D /* industrialchronometerUITestsLaunchTests.swift */ = {isa = PBXFileReference; lastKnownFileType = sourcecode.swift; path = industrialchronometerUITestsLaunchTests.swift; sourceTree = "<group>"; };
		F92DFA5027A885480094E17D /* RadioButtonController.swift */ = {isa = PBXFileReference; lastKnownFileType = sourcecode.swift; path = RadioButtonController.swift; sourceTree = "<group>"; };
		F93FBAD227B1887100622C54 /* TransferService.swift */ = {isa = PBXFileReference; lastKnownFileType = sourcecode.swift; path = TransferService.swift; sourceTree = "<group>"; };
		F950FE2427ABFC0D00700533 /* PageViewController.swift */ = {isa = PBXFileReference; lastKnownFileType = sourcecode.swift; path = PageViewController.swift; sourceTree = "<group>"; };
		F950FE2627ABFD1D00700533 /* ChartViewController.swift */ = {isa = PBXFileReference; lastKnownFileType = sourcecode.swift; path = ChartViewController.swift; sourceTree = "<group>"; };
		F950FE2827ABFD2800700533 /* AboutViewController.swift */ = {isa = PBXFileReference; lastKnownFileType = sourcecode.swift; path = AboutViewController.swift; sourceTree = "<group>"; };
		F9528CD027BA6227007D8C64 /* LapListCellTableViewCell.swift */ = {isa = PBXFileReference; lastKnownFileType = sourcecode.swift; path = LapListCellTableViewCell.swift; sourceTree = "<group>"; };
		F960B9792973F30700C37FAE /* ChartUIViewController.swift */ = {isa = PBXFileReference; lastKnownFileType = sourcecode.swift; path = ChartUIViewController.swift; sourceTree = "<group>"; };
		F9847B9E27C7DD8F00D56BE6 /* todolist */ = {isa = PBXFileReference; lastKnownFileType = text; path = todolist; sourceTree = "<group>"; };
		F99595E727CA43CC00D95A72 /* UserDefaultExtension.swift */ = {isa = PBXFileReference; lastKnownFileType = sourcecode.swift; path = UserDefaultExtension.swift; sourceTree = "<group>"; };
		F99595E927CA48F100D95A72 /* MPVolumExtension.swift */ = {isa = PBXFileReference; lastKnownFileType = sourcecode.swift; path = MPVolumExtension.swift; sourceTree = "<group>"; };
		F9B1BD5127A9118D0062B161 /* LapsVal.swift */ = {isa = PBXFileReference; lastKnownFileType = sourcecode.swift; path = LapsVal.swift; sourceTree = "<group>"; };
		F9D9AE1A27B528850063CAB9 /* FileListViewController.swift */ = {isa = PBXFileReference; lastKnownFileType = sourcecode.swift; path = FileListViewController.swift; sourceTree = "<group>"; };
		F9F9055D27CEB0C500179DCB /* NotificationExtensions.swift */ = {isa = PBXFileReference; lastKnownFileType = sourcecode.swift; path = NotificationExtensions.swift; sourceTree = "<group>"; };
		F9FA1CD42977DFBA00778299 /* Asset.xcassets */ = {isa = PBXFileReference; lastKnownFileType = folder.assetcatalog; name = Asset.xcassets; path = /Users/ulasozalp/Documents/appsWork/industrialchronometer/industrialchronometer/Asset.xcassets; sourceTree = "<absolute>"; };
		F9FA1CD52977E03700778299 /* DS-DIGI.TTF */ = {isa = PBXFileReference; lastKnownFileType = file; name = "DS-DIGI.TTF"; path = "/Users/ulasozalp/Documents/appsWork/industrialchronometer/industrialchronometer/fonts/DS-DIGI.TTF"; sourceTree = "<absolute>"; };
		F9FA1CD62977E03800778299 /* DS-DIGIB.TTF */ = {isa = PBXFileReference; lastKnownFileType = file; name = "DS-DIGIB.TTF"; path = "/Users/ulasozalp/Documents/appsWork/industrialchronometer/industrialchronometer/fonts/DS-DIGIB.TTF"; sourceTree = "<absolute>"; };
		F9FA1CD92977E44500778299 /* Laps.swift */ = {isa = PBXFileReference; fileEncoding = 4; lastKnownFileType = sourcecode.swift; path = Laps.swift; sourceTree = SOURCE_ROOT; };
		F9FAC28027CA0E0B000CE941 /* SettingIcon.swift */ = {isa = PBXFileReference; lastKnownFileType = sourcecode.swift; path = SettingIcon.swift; sourceTree = "<group>"; };
/* End PBXFileReference section */

/* Begin PBXFrameworksBuildPhase section */
		F92DFA1A27A87C5B0094E17D /* Frameworks */ = {
			isa = PBXFrameworksBuildPhase;
			buildActionMask = 2147483647;
			files = (
				F90A94C72973343500B9D9D5 /* Pods_industrialchronometer.framework in Frameworks */,
			);
			runOnlyForDeploymentPostprocessing = 0;
		};
		F92DFA3027A87C5C0094E17D /* Frameworks */ = {
			isa = PBXFrameworksBuildPhase;
			buildActionMask = 2147483647;
			files = (
			);
			runOnlyForDeploymentPostprocessing = 0;
		};
		F92DFA3A27A87C5C0094E17D /* Frameworks */ = {
			isa = PBXFrameworksBuildPhase;
			buildActionMask = 2147483647;
			files = (
			);
			runOnlyForDeploymentPostprocessing = 0;
		};
/* End PBXFrameworksBuildPhase section */

/* Begin PBXGroup section */
		746984043464F730AE435DFE /* Frameworks */ = {
			isa = PBXGroup;
			children = (
				A47F2096EAC1E90DA8B4B98A /* Pods_industrialchronometer.framework */,
			);
			name = Frameworks;
			sourceTree = "<group>";
		};
		DF74309D3EB7385ECB4EE12C /* Pods */ = {
			isa = PBXGroup;
			children = (
				EC2A842BB406D1E569F37C3A /* Pods-industrialchronometer.debug.xcconfig */,
				DBCCC1FF6DA18EEA2AA81590 /* Pods-industrialchronometer.release.xcconfig */,
			);
			path = Pods;
			sourceTree = "<group>";
		};
		F92DFA1427A87C5B0094E17D = {
			isa = PBXGroup;
			children = (
				F9847B9E27C7DD8F00D56BE6 /* todolist */,
				F92DFA1F27A87C5B0094E17D /* industrialchronometer */,
				F92DFA3627A87C5C0094E17D /* industrialchronometerTests */,
				F92DFA4027A87C5C0094E17D /* industrialchronometerUITests */,
				F92DFA1E27A87C5B0094E17D /* Products */,
				DF74309D3EB7385ECB4EE12C /* Pods */,
				746984043464F730AE435DFE /* Frameworks */,
			);
			sourceTree = "<group>";
		};
		F92DFA1E27A87C5B0094E17D /* Products */ = {
			isa = PBXGroup;
			children = (
				F92DFA1D27A87C5B0094E17D /* industrialchronometer.app */,
				F92DFA3327A87C5C0094E17D /* industrialchronometerTests.xctest */,
				F92DFA3D27A87C5C0094E17D /* industrialchronometerUITests.xctest */,
			);
			name = Products;
			sourceTree = "<group>";
		};
		F92DFA1F27A87C5B0094E17D /* industrialchronometer */ = {
			isa = PBXGroup;
			children = (
				F92DFA2027A87C5B0094E17D /* AppDelegate.swift */,
				F92DFA2227A87C5B0094E17D /* SceneDelegate.swift */,
				F9B1BD5327A911E80062B161 /* Model */,
				F9B1BD4E27A9109D0062B161 /* View */,
				F9B1BD4D27A910910062B161 /* Controller */,
				F92DFA2E27A87C5C0094E17D /* Info.plist */,
				F9FA1CD42977DFBA00778299 /* Asset.xcassets */,
				F96FD0AA27B2697400242AA8 /* fonts */,
			);
			path = industrialchronometer;
			sourceTree = "<group>";
		};
		F92DFA3627A87C5C0094E17D /* industrialchronometerTests */ = {
			isa = PBXGroup;
			children = (
				F92DFA3727A87C5C0094E17D /* industrialchronometerTests.swift */,
			);
			path = industrialchronometerTests;
			sourceTree = "<group>";
		};
		F92DFA4027A87C5C0094E17D /* industrialchronometerUITests */ = {
			isa = PBXGroup;
			children = (
				F92DFA4127A87C5C0094E17D /* industrialchronometerUITests.swift */,
				F92DFA4327A87C5C0094E17D /* industrialchronometerUITestsLaunchTests.swift */,
			);
			path = industrialchronometerUITests;
			sourceTree = "<group>";
		};
		F96FD0AA27B2697400242AA8 /* fonts */ = {
			isa = PBXGroup;
			children = (
				F9FA1CD52977E03700778299 /* DS-DIGI.TTF */,
				F9FA1CD62977E03800778299 /* DS-DIGIB.TTF */,
			);
			name = fonts;
			path = /Users/ulasozalp/Documents/appsWork/industrialchronometer/industrialchronometer/fonts;
			sourceTree = "<absolute>";
		};
		F9B1BD4D27A910910062B161 /* Controller */ = {
			isa = PBXGroup;
			children = (
				F92DFA5027A885480094E17D /* RadioButtonController.swift */,
				F926833327C0ED0500EC8DF8 /* WebViewController.swift */,
				F92DFA2427A87C5B0094E17D /* ViewController.swift */,
				F950FE2627ABFD1D00700533 /* ChartViewController.swift */,
				F950FE2427ABFC0D00700533 /* PageViewController.swift */,
				F950FE2827ABFD2800700533 /* AboutViewController.swift */,
				F9D9AE1A27B528850063CAB9 /* FileListViewController.swift */,
				F960B9792973F30700C37FAE /* ChartUIViewController.swift */,
				F91F1EDB2975F3F1006D56CA /* ModifyShareActivity.swift */,
			);
			path = Controller;
			sourceTree = "<group>";
		};
		F9B1BD4E27A9109D0062B161 /* View */ = {
			isa = PBXGroup;
			children = (
				F92DFA2627A87C5B0094E17D /* Main.storyboard */,
				F92DFA2B27A87C5C0094E17D /* LaunchScreen.storyboard */,
			);
			path = View;
			sourceTree = "<group>";
		};
		F9B1BD5327A911E80062B161 /* Model */ = {
			isa = PBXGroup;
			children = (
				F9B1BD5127A9118D0062B161 /* LapsVal.swift */,
				F93FBAD227B1887100622C54 /* TransferService.swift */,
				F9FA1CD92977E44500778299 /* Laps.swift */,
				F9FAC28027CA0E0B000CE941 /* SettingIcon.swift */,
				F99595E727CA43CC00D95A72 /* UserDefaultExtension.swift */,
				F99595E927CA48F100D95A72 /* MPVolumExtension.swift */,
				F9528CD027BA6227007D8C64 /* LapListCellTableViewCell.swift */,
				F9F9055D27CEB0C500179DCB /* NotificationExtensions.swift */,
			);
			path = Model;
			sourceTree = "<group>";
		};
/* End PBXGroup section */

/* Begin PBXNativeTarget section */
		F92DFA1C27A87C5B0094E17D /* industrialchronometer */ = {
			isa = PBXNativeTarget;
			buildConfigurationList = F92DFA4727A87C5C0094E17D /* Build configuration list for PBXNativeTarget "industrialchronometer" */;
			buildPhases = (
				347A4A28AA8866B9E3E4E7FC /* [CP] Check Pods Manifest.lock */,
				F92DFA1927A87C5B0094E17D /* Sources */,
				F92DFA1A27A87C5B0094E17D /* Frameworks */,
				F92DFA1B27A87C5B0094E17D /* Resources */,
				030058140CA988230FBD3A0A /* [CP] Embed Pods Frameworks */,
			);
			buildRules = (
			);
			dependencies = (
			);
			name = industrialchronometer;
			productName = industrialchronometer;
			productReference = F92DFA1D27A87C5B0094E17D /* industrialchronometer.app */;
			productType = "com.apple.product-type.application";
		};
		F92DFA3227A87C5C0094E17D /* industrialchronometerTests */ = {
			isa = PBXNativeTarget;
			buildConfigurationList = F92DFA4A27A87C5C0094E17D /* Build configuration list for PBXNativeTarget "industrialchronometerTests" */;
			buildPhases = (
				F92DFA2F27A87C5C0094E17D /* Sources */,
				F92DFA3027A87C5C0094E17D /* Frameworks */,
				F92DFA3127A87C5C0094E17D /* Resources */,
			);
			buildRules = (
			);
			dependencies = (
				F92DFA3527A87C5C0094E17D /* PBXTargetDependency */,
			);
			name = industrialchronometerTests;
			productName = industrialchronometerTests;
			productReference = F92DFA3327A87C5C0094E17D /* industrialchronometerTests.xctest */;
			productType = "com.apple.product-type.bundle.unit-test";
		};
		F92DFA3C27A87C5C0094E17D /* industrialchronometerUITests */ = {
			isa = PBXNativeTarget;
			buildConfigurationList = F92DFA4D27A87C5C0094E17D /* Build configuration list for PBXNativeTarget "industrialchronometerUITests" */;
			buildPhases = (
				F92DFA3927A87C5C0094E17D /* Sources */,
				F92DFA3A27A87C5C0094E17D /* Frameworks */,
				F92DFA3B27A87C5C0094E17D /* Resources */,
			);
			buildRules = (
			);
			dependencies = (
				F92DFA3F27A87C5C0094E17D /* PBXTargetDependency */,
			);
			name = industrialchronometerUITests;
			productName = industrialchronometerUITests;
			productReference = F92DFA3D27A87C5C0094E17D /* industrialchronometerUITests.xctest */;
			productType = "com.apple.product-type.bundle.ui-testing";
		};
/* End PBXNativeTarget section */

/* Begin PBXProject section */
		F92DFA1527A87C5B0094E17D /* Project object */ = {
			isa = PBXProject;
			attributes = {
				BuildIndependentTargetsInParallel = 1;
				LastSwiftUpdateCheck = 1310;
				LastUpgradeCheck = 1310;
				TargetAttributes = {
					F92DFA1C27A87C5B0094E17D = {
						CreatedOnToolsVersion = 13.1;
					};
					F92DFA3227A87C5C0094E17D = {
						CreatedOnToolsVersion = 13.1;
						TestTargetID = F92DFA1C27A87C5B0094E17D;
					};
					F92DFA3C27A87C5C0094E17D = {
						CreatedOnToolsVersion = 13.1;
						TestTargetID = F92DFA1C27A87C5B0094E17D;
					};
				};
			};
			buildConfigurationList = F92DFA1827A87C5B0094E17D /* Build configuration list for PBXProject "industrialchronometer" */;
			compatibilityVersion = "Xcode 13.0";
			developmentRegion = en;
			hasScannedForEncodings = 0;
			knownRegions = (
				en,
				Base,
			);
			mainGroup = F92DFA1427A87C5B0094E17D;
			productRefGroup = F92DFA1E27A87C5B0094E17D /* Products */;
			projectDirPath = "";
			projectRoot = "";
			targets = (
				F92DFA1C27A87C5B0094E17D /* industrialchronometer */,
				F92DFA3227A87C5C0094E17D /* industrialchronometerTests */,
				F92DFA3C27A87C5C0094E17D /* industrialchronometerUITests */,
			);
		};
/* End PBXProject section */

/* Begin PBXResourcesBuildPhase section */
		F92DFA1B27A87C5B0094E17D /* Resources */ = {
			isa = PBXResourcesBuildPhase;
			buildActionMask = 2147483647;
			files = (
				F924076729857513008A907B /* DS-DIGI.TTF in Resources */,
				F9FA1CDB2977ED4900778299 /* Asset.xcassets in Resources */,
				F9FA1CD82977E03800778299 /* DS-DIGIB.TTF in Resources */,
				F92DFA2D27A87C5C0094E17D /* LaunchScreen.storyboard in Resources */,
				F9847B9F27C7DD8F00D56BE6 /* todolist in Resources */,
				F92DFA2827A87C5B0094E17D /* Main.storyboard in Resources */,
			);
			runOnlyForDeploymentPostprocessing = 0;
		};
		F92DFA3127A87C5C0094E17D /* Resources */ = {
			isa = PBXResourcesBuildPhase;
			buildActionMask = 2147483647;
			files = (
			);
			runOnlyForDeploymentPostprocessing = 0;
		};
		F92DFA3B27A87C5C0094E17D /* Resources */ = {
			isa = PBXResourcesBuildPhase;
			buildActionMask = 2147483647;
			files = (
			);
			runOnlyForDeploymentPostprocessing = 0;
		};
/* End PBXResourcesBuildPhase section */

/* Begin PBXShellScriptBuildPhase section */
		030058140CA988230FBD3A0A /* [CP] Embed Pods Frameworks */ = {
			isa = PBXShellScriptBuildPhase;
			buildActionMask = 2147483647;
			files = (
			);
			inputFileListPaths = (
				"${PODS_ROOT}/Target Support Files/Pods-industrialchronometer/Pods-industrialchronometer-frameworks-${CONFIGURATION}-input-files.xcfilelist",
			);
			name = "[CP] Embed Pods Frameworks";
			outputFileListPaths = (
				"${PODS_ROOT}/Target Support Files/Pods-industrialchronometer/Pods-industrialchronometer-frameworks-${CONFIGURATION}-output-files.xcfilelist",
			);
			runOnlyForDeploymentPostprocessing = 0;
			shellPath = /bin/sh;
			shellScript = "\"${PODS_ROOT}/Target Support Files/Pods-industrialchronometer/Pods-industrialchronometer-frameworks.sh\"\n";
			showEnvVarsInLog = 0;
		};
		347A4A28AA8866B9E3E4E7FC /* [CP] Check Pods Manifest.lock */ = {
			isa = PBXShellScriptBuildPhase;
			buildActionMask = 2147483647;
			files = (
			);
			inputFileListPaths = (
			);
			inputPaths = (
				"${PODS_PODFILE_DIR_PATH}/Podfile.lock",
				"${PODS_ROOT}/Manifest.lock",
			);
			name = "[CP] Check Pods Manifest.lock";
			outputFileListPaths = (
			);
			outputPaths = (
				"$(DERIVED_FILE_DIR)/Pods-industrialchronometer-checkManifestLockResult.txt",
			);
			runOnlyForDeploymentPostprocessing = 0;
			shellPath = /bin/sh;
			shellScript = "diff \"${PODS_PODFILE_DIR_PATH}/Podfile.lock\" \"${PODS_ROOT}/Manifest.lock\" > /dev/null\nif [ $? != 0 ] ; then\n    # print error to STDERR\n    echo \"error: The sandbox is not in sync with the Podfile.lock. Run 'pod install' or update your CocoaPods installation.\" >&2\n    exit 1\nfi\n# This output is used by Xcode 'outputs' to avoid re-running this script phase.\necho \"SUCCESS\" > \"${SCRIPT_OUTPUT_FILE_0}\"\n";
			showEnvVarsInLog = 0;
		};
/* End PBXShellScriptBuildPhase section */

/* Begin PBXSourcesBuildPhase section */
		F92DFA1927A87C5B0094E17D /* Sources */ = {
			isa = PBXSourcesBuildPhase;
			buildActionMask = 2147483647;
			files = (
				F92DFA2527A87C5B0094E17D /* ViewController.swift in Sources */,
				F960B97A2973F30700C37FAE /* ChartUIViewController.swift in Sources */,
				F9FA1CDA2977E44500778299 /* Laps.swift in Sources */,
				F9528CD127BA6227007D8C64 /* LapListCellTableViewCell.swift in Sources */,
				F950FE2527ABFC0D00700533 /* PageViewController.swift in Sources */,
				F9F9055E27CEB0C500179DCB /* NotificationExtensions.swift in Sources */,
				F92DFA5127A885480094E17D /* RadioButtonController.swift in Sources */,
				F950FE2927ABFD2800700533 /* AboutViewController.swift in Sources */,
				F99595E827CA43CC00D95A72 /* UserDefaultExtension.swift in Sources */,
				F92DFA2127A87C5B0094E17D /* AppDelegate.swift in Sources */,
				F9B1BD5227A9118D0062B161 /* LapsVal.swift in Sources */,
				F950FE2727ABFD1D00700533 /* ChartViewController.swift in Sources */,
				F9D9AE1B27B528850063CAB9 /* FileListViewController.swift in Sources */,
				F92DFA2327A87C5B0094E17D /* SceneDelegate.swift in Sources */,
				F93FBAD327B1887100622C54 /* TransferService.swift in Sources */,
				F91F1EDC2975F3F1006D56CA /* ModifyShareActivity.swift in Sources */,
				F926833427C0ED0500EC8DF8 /* WebViewController.swift in Sources */,
				F99595EA27CA48F100D95A72 /* MPVolumExtension.swift in Sources */,
				F9FAC28127CA0E0B000CE941 /* SettingIcon.swift in Sources */,
			);
			runOnlyForDeploymentPostprocessing = 0;
		};
		F92DFA2F27A87C5C0094E17D /* Sources */ = {
			isa = PBXSourcesBuildPhase;
			buildActionMask = 2147483647;
			files = (
				F92DFA3827A87C5C0094E17D /* industrialchronometerTests.swift in Sources */,
			);
			runOnlyForDeploymentPostprocessing = 0;
		};
		F92DFA3927A87C5C0094E17D /* Sources */ = {
			isa = PBXSourcesBuildPhase;
			buildActionMask = 2147483647;
			files = (
				F92DFA4427A87C5C0094E17D /* industrialchronometerUITestsLaunchTests.swift in Sources */,
				F92DFA4227A87C5C0094E17D /* industrialchronometerUITests.swift in Sources */,
			);
			runOnlyForDeploymentPostprocessing = 0;
		};
/* End PBXSourcesBuildPhase section */

/* Begin PBXTargetDependency section */
		F92DFA3527A87C5C0094E17D /* PBXTargetDependency */ = {
			isa = PBXTargetDependency;
			target = F92DFA1C27A87C5B0094E17D /* industrialchronometer */;
			targetProxy = F92DFA3427A87C5C0094E17D /* PBXContainerItemProxy */;
		};
		F92DFA3F27A87C5C0094E17D /* PBXTargetDependency */ = {
			isa = PBXTargetDependency;
			target = F92DFA1C27A87C5B0094E17D /* industrialchronometer */;
			targetProxy = F92DFA3E27A87C5C0094E17D /* PBXContainerItemProxy */;
		};
/* End PBXTargetDependency section */

/* Begin PBXVariantGroup section */
		F92DFA2627A87C5B0094E17D /* Main.storyboard */ = {
			isa = PBXVariantGroup;
			children = (
				F92DFA2727A87C5B0094E17D /* Base */,
			);
			name = Main.storyboard;
			sourceTree = "<group>";
		};
		F92DFA2B27A87C5C0094E17D /* LaunchScreen.storyboard */ = {
			isa = PBXVariantGroup;
			children = (
				F92DFA2C27A87C5C0094E17D /* Base */,
			);
			name = LaunchScreen.storyboard;
			sourceTree = "<group>";
		};
/* End PBXVariantGroup section */

/* Begin XCBuildConfiguration section */
		F92DFA4527A87C5C0094E17D /* Debug */ = {
			isa = XCBuildConfiguration;
			buildSettings = {
				ALWAYS_SEARCH_USER_PATHS = NO;
				CLANG_ANALYZER_NONNULL = YES;
				CLANG_ANALYZER_NUMBER_OBJECT_CONVERSION = YES_AGGRESSIVE;
				CLANG_CXX_LANGUAGE_STANDARD = "gnu++17";
				CLANG_CXX_LIBRARY = "libc++";
				CLANG_ENABLE_MODULES = YES;
				CLANG_ENABLE_OBJC_ARC = YES;
				CLANG_ENABLE_OBJC_WEAK = YES;
				CLANG_WARN_BLOCK_CAPTURE_AUTORELEASING = YES;
				CLANG_WARN_BOOL_CONVERSION = YES;
				CLANG_WARN_COMMA = YES;
				CLANG_WARN_CONSTANT_CONVERSION = YES;
				CLANG_WARN_DEPRECATED_OBJC_IMPLEMENTATIONS = YES;
				CLANG_WARN_DIRECT_OBJC_ISA_USAGE = YES_ERROR;
				CLANG_WARN_DOCUMENTATION_COMMENTS = YES;
				CLANG_WARN_EMPTY_BODY = YES;
				CLANG_WARN_ENUM_CONVERSION = YES;
				CLANG_WARN_INFINITE_RECURSION = YES;
				CLANG_WARN_INT_CONVERSION = YES;
				CLANG_WARN_NON_LITERAL_NULL_CONVERSION = YES;
				CLANG_WARN_OBJC_IMPLICIT_RETAIN_SELF = YES;
				CLANG_WARN_OBJC_LITERAL_CONVERSION = YES;
				CLANG_WARN_OBJC_ROOT_CLASS = YES_ERROR;
				CLANG_WARN_QUOTED_INCLUDE_IN_FRAMEWORK_HEADER = YES;
				CLANG_WARN_RANGE_LOOP_ANALYSIS = YES;
				CLANG_WARN_STRICT_PROTOTYPES = YES;
				CLANG_WARN_SUSPICIOUS_MOVE = YES;
				CLANG_WARN_UNGUARDED_AVAILABILITY = YES_AGGRESSIVE;
				CLANG_WARN_UNREACHABLE_CODE = YES;
				CLANG_WARN__DUPLICATE_METHOD_MATCH = YES;
				COPY_PHASE_STRIP = NO;
				DEBUG_INFORMATION_FORMAT = dwarf;
				ENABLE_STRICT_OBJC_MSGSEND = YES;
				ENABLE_TESTABILITY = YES;
				GCC_C_LANGUAGE_STANDARD = gnu11;
				GCC_DYNAMIC_NO_PIC = NO;
				GCC_NO_COMMON_BLOCKS = YES;
				GCC_OPTIMIZATION_LEVEL = 0;
				GCC_PREPROCESSOR_DEFINITIONS = (
					"DEBUG=1",
					"$(inherited)",
				);
				GCC_WARN_64_TO_32_BIT_CONVERSION = YES;
				GCC_WARN_ABOUT_RETURN_TYPE = YES_ERROR;
				GCC_WARN_UNDECLARED_SELECTOR = YES;
				GCC_WARN_UNINITIALIZED_AUTOS = YES_AGGRESSIVE;
				GCC_WARN_UNUSED_FUNCTION = YES;
				GCC_WARN_UNUSED_VARIABLE = YES;
				IPHONEOS_DEPLOYMENT_TARGET = 13.0;
				MTL_ENABLE_DEBUG_INFO = INCLUDE_SOURCE;
				MTL_FAST_MATH = YES;
				ONLY_ACTIVE_ARCH = YES;
				SDKROOT = iphoneos;
				SWIFT_ACTIVE_COMPILATION_CONDITIONS = DEBUG;
				SWIFT_OPTIMIZATION_LEVEL = "-Onone";
			};
			name = Debug;
		};
		F92DFA4627A87C5C0094E17D /* Release */ = {
			isa = XCBuildConfiguration;
			buildSettings = {
				ALWAYS_SEARCH_USER_PATHS = NO;
				CLANG_ANALYZER_NONNULL = YES;
				CLANG_ANALYZER_NUMBER_OBJECT_CONVERSION = YES_AGGRESSIVE;
				CLANG_CXX_LANGUAGE_STANDARD = "gnu++17";
				CLANG_CXX_LIBRARY = "libc++";
				CLANG_ENABLE_MODULES = YES;
				CLANG_ENABLE_OBJC_ARC = YES;
				CLANG_ENABLE_OBJC_WEAK = YES;
				CLANG_WARN_BLOCK_CAPTURE_AUTORELEASING = YES;
				CLANG_WARN_BOOL_CONVERSION = YES;
				CLANG_WARN_COMMA = YES;
				CLANG_WARN_CONSTANT_CONVERSION = YES;
				CLANG_WARN_DEPRECATED_OBJC_IMPLEMENTATIONS = YES;
				CLANG_WARN_DIRECT_OBJC_ISA_USAGE = YES_ERROR;
				CLANG_WARN_DOCUMENTATION_COMMENTS = YES;
				CLANG_WARN_EMPTY_BODY = YES;
				CLANG_WARN_ENUM_CONVERSION = YES;
				CLANG_WARN_INFINITE_RECURSION = YES;
				CLANG_WARN_INT_CONVERSION = YES;
				CLANG_WARN_NON_LITERAL_NULL_CONVERSION = YES;
				CLANG_WARN_OBJC_IMPLICIT_RETAIN_SELF = YES;
				CLANG_WARN_OBJC_LITERAL_CONVERSION = YES;
				CLANG_WARN_OBJC_ROOT_CLASS = YES_ERROR;
				CLANG_WARN_QUOTED_INCLUDE_IN_FRAMEWORK_HEADER = YES;
				CLANG_WARN_RANGE_LOOP_ANALYSIS = YES;
				CLANG_WARN_STRICT_PROTOTYPES = YES;
				CLANG_WARN_SUSPICIOUS_MOVE = YES;
				CLANG_WARN_UNGUARDED_AVAILABILITY = YES_AGGRESSIVE;
				CLANG_WARN_UNREACHABLE_CODE = YES;
				CLANG_WARN__DUPLICATE_METHOD_MATCH = YES;
				COPY_PHASE_STRIP = NO;
				DEBUG_INFORMATION_FORMAT = "dwarf-with-dsym";
				ENABLE_NS_ASSERTIONS = NO;
				ENABLE_STRICT_OBJC_MSGSEND = YES;
				GCC_C_LANGUAGE_STANDARD = gnu11;
				GCC_NO_COMMON_BLOCKS = YES;
				GCC_WARN_64_TO_32_BIT_CONVERSION = YES;
				GCC_WARN_ABOUT_RETURN_TYPE = YES_ERROR;
				GCC_WARN_UNDECLARED_SELECTOR = YES;
				GCC_WARN_UNINITIALIZED_AUTOS = YES_AGGRESSIVE;
				GCC_WARN_UNUSED_FUNCTION = YES;
				GCC_WARN_UNUSED_VARIABLE = YES;
				IPHONEOS_DEPLOYMENT_TARGET = 13.0;
				MTL_ENABLE_DEBUG_INFO = NO;
				MTL_FAST_MATH = YES;
				SDKROOT = iphoneos;
				SWIFT_COMPILATION_MODE = wholemodule;
				SWIFT_OPTIMIZATION_LEVEL = "-O";
				VALIDATE_PRODUCT = YES;
			};
			name = Release;
		};
		F92DFA4827A87C5C0094E17D /* Debug */ = {
			isa = XCBuildConfiguration;
			baseConfigurationReference = EC2A842BB406D1E569F37C3A /* Pods-industrialchronometer.debug.xcconfig */;
			buildSettings = {
				ASSETCATALOG_COMPILER_APPICON_NAME = AppIcon;
				ASSETCATALOG_COMPILER_GLOBAL_ACCENT_COLOR_NAME = AccentColor;
				CODE_SIGN_STYLE = Automatic;
				CURRENT_PROJECT_VERSION = 1;
				DEVELOPMENT_TEAM = GZ94AWJKRA;
				GENERATE_INFOPLIST_FILE = YES;
				INFOPLIST_FILE = industrialchronometer/Info.plist;
				INFOPLIST_KEY_CFBundleDisplayName = "Industrial Chronometer";
				INFOPLIST_KEY_LSApplicationCategoryType = "public.app-category.utilities";
				INFOPLIST_KEY_UIApplicationSupportsIndirectInputEvents = YES;
				INFOPLIST_KEY_UILaunchStoryboardName = LaunchScreen.storyboard;
				INFOPLIST_KEY_UIMainStoryboardFile = Main;
				INFOPLIST_KEY_UIRequiresFullScreen = YES;
				INFOPLIST_KEY_UIStatusBarStyle = "";
				INFOPLIST_KEY_UISupportedInterfaceOrientations_iPad = "UIInterfaceOrientationPortrait UIInterfaceOrientationPortraitUpsideDown UIInterfaceOrientationLandscapeLeft UIInterfaceOrientationLandscapeRight";
				INFOPLIST_KEY_UISupportedInterfaceOrientations_iPhone = "UIInterfaceOrientationPortrait UIInterfaceOrientationLandscapeLeft UIInterfaceOrientationLandscapeRight";
				IPHONEOS_DEPLOYMENT_TARGET = 13.0;
				LD_RUNPATH_SEARCH_PATHS = (
					"$(inherited)",
					"@executable_path/Frameworks",
				);
				MARKETING_VERSION = 1.03;
				"OTHER_CODE_SIGN_FLAGS[sdk=*]" = "--generate-entitlement-der ";
				PRODUCT_BUNDLE_IDENTIFIER = zlpls.industrialchronometer;
				PRODUCT_NAME = "$(TARGET_NAME)";
				SWIFT_EMIT_LOC_STRINGS = YES;
				SWIFT_VERSION = 5.0;
				TARGETED_DEVICE_FAMILY = "1,2";
			};
			name = Debug;
		};
		F92DFA4927A87C5C0094E17D /* Release */ = {
			isa = XCBuildConfiguration;
			baseConfigurationReference = DBCCC1FF6DA18EEA2AA81590 /* Pods-industrialchronometer.release.xcconfig */;
			buildSettings = {
				ASSETCATALOG_COMPILER_APPICON_NAME = AppIcon;
				ASSETCATALOG_COMPILER_GLOBAL_ACCENT_COLOR_NAME = AccentColor;
				CODE_SIGN_STYLE = Automatic;
				CURRENT_PROJECT_VERSION = 1;
				DEVELOPMENT_TEAM = GZ94AWJKRA;
				GENERATE_INFOPLIST_FILE = YES;
				INFOPLIST_FILE = industrialchronometer/Info.plist;
				INFOPLIST_KEY_CFBundleDisplayName = "Industrial Chronometer";
				INFOPLIST_KEY_LSApplicationCategoryType = "public.app-category.utilities";
				INFOPLIST_KEY_UIApplicationSupportsIndirectInputEvents = YES;
				INFOPLIST_KEY_UILaunchStoryboardName = LaunchScreen.storyboard;
				INFOPLIST_KEY_UIMainStoryboardFile = Main;
				INFOPLIST_KEY_UIRequiresFullScreen = YES;
				INFOPLIST_KEY_UIStatusBarStyle = "";
				INFOPLIST_KEY_UISupportedInterfaceOrientations_iPad = "UIInterfaceOrientationPortrait UIInterfaceOrientationPortraitUpsideDown UIInterfaceOrientationLandscapeLeft UIInterfaceOrientationLandscapeRight";
				INFOPLIST_KEY_UISupportedInterfaceOrientations_iPhone = "UIInterfaceOrientationPortrait UIInterfaceOrientationLandscapeLeft UIInterfaceOrientationLandscapeRight";
				IPHONEOS_DEPLOYMENT_TARGET = 13.0;
				LD_RUNPATH_SEARCH_PATHS = (
					"$(inherited)",
					"@executable_path/Frameworks",
				);
				MARKETING_VERSION = 1.03;
				"OTHER_CODE_SIGN_FLAGS[sdk=*]" = "--generate-entitlement-der ";
				PRODUCT_BUNDLE_IDENTIFIER = zlpls.industrialchronometer;
				PRODUCT_NAME = "$(TARGET_NAME)";
				SWIFT_EMIT_LOC_STRINGS = YES;
				SWIFT_VERSION = 5.0;
				TARGETED_DEVICE_FAMILY = "1,2";
			};
			name = Release;
		};
		F92DFA4B27A87C5C0094E17D /* Debug */ = {
			isa = XCBuildConfiguration;
			buildSettings = {
				ALWAYS_EMBED_SWIFT_STANDARD_LIBRARIES = YES;
				BUNDLE_LOADER = "$(TEST_HOST)";
				CODE_SIGN_STYLE = Automatic;
				CURRENT_PROJECT_VERSION = 1;
				DEVELOPMENT_TEAM = GZ94AWJKRA;
				GENERATE_INFOPLIST_FILE = YES;
				IPHONEOS_DEPLOYMENT_TARGET = 15.0;
				LD_RUNPATH_SEARCH_PATHS = (
					"$(inherited)",
					"@executable_path/Frameworks",
					"@loader_path/Frameworks",
				);
				MARKETING_VERSION = 1.0;
				PRODUCT_BUNDLE_IDENTIFIER = ulasozalp.industrialchronometerTests;
				PRODUCT_NAME = "$(TARGET_NAME)";
				SWIFT_EMIT_LOC_STRINGS = NO;
				SWIFT_VERSION = 5.0;
				TARGETED_DEVICE_FAMILY = "1,2";
				TEST_HOST = "$(BUILT_PRODUCTS_DIR)/industrialchronometer.app/industrialchronometer";
			};
			name = Debug;
		};
		F92DFA4C27A87C5C0094E17D /* Release */ = {
			isa = XCBuildConfiguration;
			buildSettings = {
				ALWAYS_EMBED_SWIFT_STANDARD_LIBRARIES = YES;
				BUNDLE_LOADER = "$(TEST_HOST)";
				CODE_SIGN_STYLE = Automatic;
				CURRENT_PROJECT_VERSION = 1;
				DEVELOPMENT_TEAM = GZ94AWJKRA;
				GENERATE_INFOPLIST_FILE = YES;
				IPHONEOS_DEPLOYMENT_TARGET = 15.0;
				LD_RUNPATH_SEARCH_PATHS = (
					"$(inherited)",
					"@executable_path/Frameworks",
					"@loader_path/Frameworks",
				);
				MARKETING_VERSION = 1.0;
				PRODUCT_BUNDLE_IDENTIFIER = ulasozalp.industrialchronometerTests;
				PRODUCT_NAME = "$(TARGET_NAME)";
				SWIFT_EMIT_LOC_STRINGS = NO;
				SWIFT_VERSION = 5.0;
				TARGETED_DEVICE_FAMILY = "1,2";
				TEST_HOST = "$(BUILT_PRODUCTS_DIR)/industrialchronometer.app/industrialchronometer";
			};
			name = Release;
		};
		F92DFA4E27A87C5C0094E17D /* Debug */ = {
			isa = XCBuildConfiguration;
			buildSettings = {
				ALWAYS_EMBED_SWIFT_STANDARD_LIBRARIES = YES;
				CODE_SIGN_STYLE = Automatic;
				CURRENT_PROJECT_VERSION = 1;
				DEVELOPMENT_TEAM = GZ94AWJKRA;
				GENERATE_INFOPLIST_FILE = YES;
				LD_RUNPATH_SEARCH_PATHS = (
					"$(inherited)",
					"@executable_path/Frameworks",
					"@loader_path/Frameworks",
				);
				MARKETING_VERSION = 1.0;
				PRODUCT_BUNDLE_IDENTIFIER = ulasozalp.industrialchronometerUITests;
				PRODUCT_NAME = "$(TARGET_NAME)";
				SWIFT_EMIT_LOC_STRINGS = NO;
				SWIFT_VERSION = 5.0;
				TARGETED_DEVICE_FAMILY = "1,2";
				TEST_TARGET_NAME = industrialchronometer;
			};
			name = Debug;
		};
		F92DFA4F27A87C5C0094E17D /* Release */ = {
			isa = XCBuildConfiguration;
			buildSettings = {
				ALWAYS_EMBED_SWIFT_STANDARD_LIBRARIES = YES;
				CODE_SIGN_STYLE = Automatic;
				CURRENT_PROJECT_VERSION = 1;
				DEVELOPMENT_TEAM = GZ94AWJKRA;
				GENERATE_INFOPLIST_FILE = YES;
				LD_RUNPATH_SEARCH_PATHS = (
					"$(inherited)",
					"@executable_path/Frameworks",
					"@loader_path/Frameworks",
				);
				MARKETING_VERSION = 1.0;
				PRODUCT_BUNDLE_IDENTIFIER = ulasozalp.industrialchronometerUITests;
				PRODUCT_NAME = "$(TARGET_NAME)";
				SWIFT_EMIT_LOC_STRINGS = NO;
				SWIFT_VERSION = 5.0;
				TARGETED_DEVICE_FAMILY = "1,2";
				TEST_TARGET_NAME = industrialchronometer;
			};
			name = Release;
		};
/* End XCBuildConfiguration section */

/* Begin XCConfigurationList section */
		F92DFA1827A87C5B0094E17D /* Build configuration list for PBXProject "industrialchronometer" */ = {
			isa = XCConfigurationList;
			buildConfigurations = (
				F92DFA4527A87C5C0094E17D /* Debug */,
				F92DFA4627A87C5C0094E17D /* Release */,
			);
			defaultConfigurationIsVisible = 0;
			defaultConfigurationName = Release;
		};
		F92DFA4727A87C5C0094E17D /* Build configuration list for PBXNativeTarget "industrialchronometer" */ = {
			isa = XCConfigurationList;
			buildConfigurations = (
				F92DFA4827A87C5C0094E17D /* Debug */,
				F92DFA4927A87C5C0094E17D /* Release */,
			);
			defaultConfigurationIsVisible = 0;
			defaultConfigurationName = Release;
		};
		F92DFA4A27A87C5C0094E17D /* Build configuration list for PBXNativeTarget "industrialchronometerTests" */ = {
			isa = XCConfigurationList;
			buildConfigurations = (
				F92DFA4B27A87C5C0094E17D /* Debug */,
				F92DFA4C27A87C5C0094E17D /* Release */,
			);
			defaultConfigurationIsVisible = 0;
			defaultConfigurationName = Release;
		};
		F92DFA4D27A87C5C0094E17D /* Build configuration list for PBXNativeTarget "industrialchronometerUITests" */ = {
			isa = XCConfigurationList;
			buildConfigurations = (
				F92DFA4E27A87C5C0094E17D /* Debug */,
				F92DFA4F27A87C5C0094E17D /* Release */,
			);
			defaultConfigurationIsVisible = 0;
			defaultConfigurationName = Release;
		};
/* End XCConfigurationList section */
	};
	rootObject = F92DFA1527A87C5B0094E17D /* Project object */;
}
